// !$*UTF8*$!
{
	archiveVersion = 1;
	classes = {
	};
	objectVersion = 46;
	objects = {

/* Begin PBXBuildFile section */
		024D82421CAC256500D9CB53 /* GameEndView.swift in Sources */ = {isa = PBXBuildFile; fileRef = 024D82411CAC256500D9CB53 /* GameEndView.swift */; };
		024D82441CAC37E400D9CB53 /* GameEndTableCell.swift in Sources */ = {isa = PBXBuildFile; fileRef = 024D82431CAC37E400D9CB53 /* GameEndTableCell.swift */; };
		02814D8C1CA0F7B7006D9029 /* GameNetworkPortal.swift in Sources */ = {isa = PBXBuildFile; fileRef = 02814D8B1CA0F7B7006D9029 /* GameNetworkPortal.swift */; };
		6524A70D1C9C7EB800D8CC48 /* AppDelegate.swift in Sources */ = {isa = PBXBuildFile; fileRef = 6524A70C1C9C7EB800D8CC48 /* AppDelegate.swift */; };
		6524A7111C9C7EB800D8CC48 /* GameScene.swift in Sources */ = {isa = PBXBuildFile; fileRef = 6524A7101C9C7EB800D8CC48 /* GameScene.swift */; };
		6524A7131C9C7EB800D8CC48 /* MenuViewController.swift in Sources */ = {isa = PBXBuildFile; fileRef = 6524A7121C9C7EB800D8CC48 /* MenuViewController.swift */; };
		6524A7161C9C7EB800D8CC48 /* Main.storyboard in Resources */ = {isa = PBXBuildFile; fileRef = 6524A7141C9C7EB800D8CC48 /* Main.storyboard */; };
		6524A7181C9C7EB800D8CC48 /* Assets.xcassets in Resources */ = {isa = PBXBuildFile; fileRef = 6524A7171C9C7EB800D8CC48 /* Assets.xcassets */; };
		6524A71B1C9C7EB800D8CC48 /* LaunchScreen.storyboard in Resources */ = {isa = PBXBuildFile; fileRef = 6524A7191C9C7EB800D8CC48 /* LaunchScreen.storyboard */; };
		6524A7261C9C7EB800D8CC48 /* CourirTests.swift in Sources */ = {isa = PBXBuildFile; fileRef = 6524A7251C9C7EB800D8CC48 /* CourirTests.swift */; };
		6524A7331C9C7F4B00D8CC48 /* Constants.swift in Sources */ = {isa = PBXBuildFile; fileRef = 6524A7321C9C7F4B00D8CC48 /* Constants.swift */; };
		6BD94A50D521179C4B947F38 /* Pods_Courir.framework in Frameworks */ = {isa = PBXBuildFile; fileRef = 9BB0AA586B363113C0E5AEE0 /* Pods_Courir.framework */; };
		6E2B0F361CB7C2AF001E957D /* Digits.atlas in Resources */ = {isa = PBXBuildFile; fileRef = 6E2B0F351CB7C2AF001E957D /* Digits.atlas */; };
		6E2B0F381CB7C466001E957D /* ScoreSpriteNode.swift in Sources */ = {isa = PBXBuildFile; fileRef = 6E2B0F371CB7C466001E957D /* ScoreSpriteNode.swift */; };
		6E2CEE4B1CB0FF8D003DD41D /* GameScene+Observer.swift in Sources */ = {isa = PBXBuildFile; fileRef = 6E2CEE4A1CB0FF8D003DD41D /* GameScene+Observer.swift */; };
		6E2CEE501CB4D2E1003DD41D /* PlayerDucking.atlas in Resources */ = {isa = PBXBuildFile; fileRef = 6E2CEE4C1CB4D2E1003DD41D /* PlayerDucking.atlas */; };
		6E2CEE511CB4D2E1003DD41D /* PlayerJumping.atlas in Resources */ = {isa = PBXBuildFile; fileRef = 6E2CEE4D1CB4D2E1003DD41D /* PlayerJumping.atlas */; };
		6E2CEE521CB4D2E1003DD41D /* PlayerRunning.atlas in Resources */ = {isa = PBXBuildFile; fileRef = 6E2CEE4E1CB4D2E1003DD41D /* PlayerRunning.atlas */; };
		6E2CEE531CB4D2E1003DD41D /* PlayerStationary.atlas in Resources */ = {isa = PBXBuildFile; fileRef = 6E2CEE4F1CB4D2E1003DD41D /* PlayerStationary.atlas */; };
		6E2CEE571CB503FD003DD41D /* ObstacleSpriteNode.swift in Sources */ = {isa = PBXBuildFile; fileRef = 6E2CEE561CB503FD003DD41D /* ObstacleSpriteNode.swift */; };
		6E2CEE591CB52585003DD41D /* PlayerSpriteNode.swift in Sources */ = {isa = PBXBuildFile; fileRef = 6E2CEE581CB52585003DD41D /* PlayerSpriteNode.swift */; };
		6E2CEE5B1CB52783003DD41D /* IsoViewConverter.swift in Sources */ = {isa = PBXBuildFile; fileRef = 6E2CEE5A1CB52783003DD41D /* IsoViewConverter.swift */; };
		6E2CEE5D1CB53885003DD41D /* EnvironmentSpriteNode.swift in Sources */ = {isa = PBXBuildFile; fileRef = 6E2CEE5C1CB53885003DD41D /* EnvironmentSpriteNode.swift */; };
		6E2CEE5F1CB539F7003DD41D /* Environment.swift in Sources */ = {isa = PBXBuildFile; fileRef = 6E2CEE5E1CB539F7003DD41D /* Environment.swift */; };
		6E48F54C1C9D505A00E0ED9F /* Player.swift in Sources */ = {isa = PBXBuildFile; fileRef = 6E48F54B1C9D505A00E0ED9F /* Player.swift */; };
		6E48F54E1C9D506C00E0ED9F /* Obstacle.swift in Sources */ = {isa = PBXBuildFile; fileRef = 6E48F54D1C9D506C00E0ED9F /* Obstacle.swift */; };
		6E48F5501C9D507C00E0ED9F /* ObstacleGenerator.swift in Sources */ = {isa = PBXBuildFile; fileRef = 6E48F54F1C9D507C00E0ED9F /* ObstacleGenerator.swift */; };
		6E48F5521C9D7C3000E0ED9F /* GameObject.swift in Sources */ = {isa = PBXBuildFile; fileRef = 6E48F5511C9D7C3000E0ED9F /* GameObject.swift */; };
		6E772DE91CA44A0C00A0B755 /* ObstacleGeneratorTests.swift in Sources */ = {isa = PBXBuildFile; fileRef = 6E772DE81CA44A0C00A0B755 /* ObstacleGeneratorTests.swift */; };
		6EB679421CB7A09600C52F5B /* Plumbob.atlas in Resources */ = {isa = PBXBuildFile; fileRef = 6EB679411CB7A09600C52F5B /* Plumbob.atlas */; };
		6EF577671CA3CA93003FB063 /* Observer.swift in Sources */ = {isa = PBXBuildFile; fileRef = 6EF577661CA3CA93003FB063 /* Observer.swift */; };
		720CB0D11CB4DDFC002AE231 /* SettingsManager.swift in Sources */ = {isa = PBXBuildFile; fileRef = 720CB0D01CB4DDFC002AE231 /* SettingsManager.swift */; };
		720CB0D81CB4EF25002AE231 /* SettingsViewController.swift in Sources */ = {isa = PBXBuildFile; fileRef = 720CB0D71CB4EF25002AE231 /* SettingsViewController.swift */; };
		7266DF021CA566A9002216C9 /* GameViewController.swift in Sources */ = {isa = PBXBuildFile; fileRef = 7266DF011CA566A9002216C9 /* GameViewController.swift */; };
		7279DFBB1C9E92A400FA4198 /* GameEvent.swift in Sources */ = {isa = PBXBuildFile; fileRef = 7279DFBA1C9E92A400FA4198 /* GameEvent.swift */; };
		728082041CB8CC0E00795C53 /* MyPlayer.swift in Sources */ = {isa = PBXBuildFile; fileRef = 728082031CB8CC0E00795C53 /* MyPlayer.swift */; };
		7A168DD81CA534B900E9CCBB /* RoomSelectionViewController.swift in Sources */ = {isa = PBXBuildFile; fileRef = 7A168DD71CA534B900E9CCBB /* RoomSelectionViewController.swift */; };
		7A168DDA1CA53EE500E9CCBB /* RoomViewController.swift in Sources */ = {isa = PBXBuildFile; fileRef = 7A168DD91CA53EE500E9CCBB /* RoomViewController.swift */; };
		7A4812061CB2C7B10063CC8B /* SinglePlayerStartViewController.swift in Sources */ = {isa = PBXBuildFile; fileRef = 7A4812051CB2C7B10063CC8B /* SinglePlayerStartViewController.swift */; };
		7A4812081CB2C9D30063CC8B /* PreviousRunTableViewCell.swift in Sources */ = {isa = PBXBuildFile; fileRef = 7A4812071CB2C9D30063CC8B /* PreviousRunTableViewCell.swift */; };
		7A8839321C9E7BA1007434E8 /* GameState.swift in Sources */ = {isa = PBXBuildFile; fileRef = 7A8839311C9E7BA1007434E8 /* GameState.swift */; };
		7A8839341C9E7BBD007434E8 /* LogicEngine.swift in Sources */ = {isa = PBXBuildFile; fileRef = 7A8839331C9E7BBD007434E8 /* LogicEngine.swift */; };
		7A8C65BF1CB2839200EF6117 /* PlayerEvent.swift in Sources */ = {isa = PBXBuildFile; fileRef = 7A8C65BE1CB2839200EF6117 /* PlayerEvent.swift */; };
		7A8C65C11CB28BB100EF6117 /* GhostStore.swift in Sources */ = {isa = PBXBuildFile; fileRef = 7A8C65C01CB28BB100EF6117 /* GhostStore.swift */; };
		7A9B96FB1CBA84920079DDA4 /* ShareViewController.swift in Sources */ = {isa = PBXBuildFile; fileRef = 7A9B96FA1CBA84920079DDA4 /* ShareViewController.swift */; };
		7A9B96FD1CBA98910079DDA4 /* ScanViewController.swift in Sources */ = {isa = PBXBuildFile; fileRef = 7A9B96FC1CBA98910079DDA4 /* ScanViewController.swift */; };
		7AAEBBF91CAFC6E5008F7A1B /* PauseButtonNode.swift in Sources */ = {isa = PBXBuildFile; fileRef = 7AAEBBF81CAFC6E5008F7A1B /* PauseButtonNode.swift */; };
		7AAEBBFB1CAFCA97008F7A1B /* PauseMenuNode.swift in Sources */ = {isa = PBXBuildFile; fileRef = 7AAEBBFA1CAFCA97008F7A1B /* PauseMenuNode.swift */; };
		7AF09BFA1CB14C14001B0A5B /* CountdownNode.swift in Sources */ = {isa = PBXBuildFile; fileRef = 7AF09BF91CB14C14001B0A5B /* CountdownNode.swift */; };
/* End PBXBuildFile section */

/* Begin PBXContainerItemProxy section */
		6524A7221C9C7EB800D8CC48 /* PBXContainerItemProxy */ = {
			isa = PBXContainerItemProxy;
			containerPortal = 6524A7011C9C7EB700D8CC48 /* Project object */;
			proxyType = 1;
			remoteGlobalIDString = 6524A7081C9C7EB800D8CC48;
			remoteInfo = Courir;
		};
/* End PBXContainerItemProxy section */

/* Begin PBXFileReference section */
		024D82411CAC256500D9CB53 /* GameEndView.swift */ = {isa = PBXFileReference; fileEncoding = 4; lastKnownFileType = sourcecode.swift; path = GameEndView.swift; sourceTree = "<group>"; };
		024D82431CAC37E400D9CB53 /* GameEndTableCell.swift */ = {isa = PBXFileReference; fileEncoding = 4; lastKnownFileType = sourcecode.swift; path = GameEndTableCell.swift; sourceTree = "<group>"; };
		02814D8B1CA0F7B7006D9029 /* GameNetworkPortal.swift */ = {isa = PBXFileReference; fileEncoding = 4; lastKnownFileType = sourcecode.swift; path = GameNetworkPortal.swift; sourceTree = "<group>"; };
		50560D4BBD2434451FA668F1 /* Pods-Courir.debug.xcconfig */ = {isa = PBXFileReference; includeInIndex = 1; lastKnownFileType = text.xcconfig; name = "Pods-Courir.debug.xcconfig"; path = "Pods/Target Support Files/Pods-Courir/Pods-Courir.debug.xcconfig"; sourceTree = "<group>"; };
		6524A7091C9C7EB800D8CC48 /* Courir.app */ = {isa = PBXFileReference; explicitFileType = wrapper.application; includeInIndex = 0; path = Courir.app; sourceTree = BUILT_PRODUCTS_DIR; };
		6524A70C1C9C7EB800D8CC48 /* AppDelegate.swift */ = {isa = PBXFileReference; lastKnownFileType = sourcecode.swift; path = AppDelegate.swift; sourceTree = "<group>"; };
		6524A7101C9C7EB800D8CC48 /* GameScene.swift */ = {isa = PBXFileReference; lastKnownFileType = sourcecode.swift; path = GameScene.swift; sourceTree = "<group>"; };
		6524A7121C9C7EB800D8CC48 /* MenuViewController.swift */ = {isa = PBXFileReference; lastKnownFileType = sourcecode.swift; path = MenuViewController.swift; sourceTree = "<group>"; };
		6524A7151C9C7EB800D8CC48 /* Base */ = {isa = PBXFileReference; lastKnownFileType = file.storyboard; name = Base; path = Base.lproj/Main.storyboard; sourceTree = "<group>"; };
		6524A7171C9C7EB800D8CC48 /* Assets.xcassets */ = {isa = PBXFileReference; lastKnownFileType = folder.assetcatalog; path = Assets.xcassets; sourceTree = "<group>"; };
		6524A71A1C9C7EB800D8CC48 /* Base */ = {isa = PBXFileReference; lastKnownFileType = file.storyboard; name = Base; path = Base.lproj/LaunchScreen.storyboard; sourceTree = "<group>"; };
		6524A71C1C9C7EB800D8CC48 /* Info.plist */ = {isa = PBXFileReference; lastKnownFileType = text.plist.xml; path = Info.plist; sourceTree = "<group>"; };
		6524A7211C9C7EB800D8CC48 /* CourirTests.xctest */ = {isa = PBXFileReference; explicitFileType = wrapper.cfbundle; includeInIndex = 0; path = CourirTests.xctest; sourceTree = BUILT_PRODUCTS_DIR; };
		6524A7251C9C7EB800D8CC48 /* CourirTests.swift */ = {isa = PBXFileReference; lastKnownFileType = sourcecode.swift; path = CourirTests.swift; sourceTree = "<group>"; };
		6524A7271C9C7EB800D8CC48 /* Info.plist */ = {isa = PBXFileReference; lastKnownFileType = text.plist.xml; path = Info.plist; sourceTree = "<group>"; };
		6524A7321C9C7F4B00D8CC48 /* Constants.swift */ = {isa = PBXFileReference; fileEncoding = 4; lastKnownFileType = sourcecode.swift; path = Constants.swift; sourceTree = "<group>"; };
		6E2B0F351CB7C2AF001E957D /* Digits.atlas */ = {isa = PBXFileReference; lastKnownFileType = folder.skatlas; path = Digits.atlas; sourceTree = "<group>"; };
		6E2B0F371CB7C466001E957D /* ScoreSpriteNode.swift */ = {isa = PBXFileReference; fileEncoding = 4; lastKnownFileType = sourcecode.swift; path = ScoreSpriteNode.swift; sourceTree = "<group>"; };
		6E2CEE4A1CB0FF8D003DD41D /* GameScene+Observer.swift */ = {isa = PBXFileReference; fileEncoding = 4; lastKnownFileType = sourcecode.swift; path = "GameScene+Observer.swift"; sourceTree = "<group>"; };
		6E2CEE4C1CB4D2E1003DD41D /* PlayerDucking.atlas */ = {isa = PBXFileReference; lastKnownFileType = folder.skatlas; path = PlayerDucking.atlas; sourceTree = "<group>"; };
		6E2CEE4D1CB4D2E1003DD41D /* PlayerJumping.atlas */ = {isa = PBXFileReference; lastKnownFileType = folder.skatlas; path = PlayerJumping.atlas; sourceTree = "<group>"; };
		6E2CEE4E1CB4D2E1003DD41D /* PlayerRunning.atlas */ = {isa = PBXFileReference; lastKnownFileType = folder.skatlas; path = PlayerRunning.atlas; sourceTree = "<group>"; };
		6E2CEE4F1CB4D2E1003DD41D /* PlayerStationary.atlas */ = {isa = PBXFileReference; lastKnownFileType = folder.skatlas; path = PlayerStationary.atlas; sourceTree = "<group>"; };
		6E2CEE561CB503FD003DD41D /* ObstacleSpriteNode.swift */ = {isa = PBXFileReference; fileEncoding = 4; lastKnownFileType = sourcecode.swift; path = ObstacleSpriteNode.swift; sourceTree = "<group>"; };
		6E2CEE581CB52585003DD41D /* PlayerSpriteNode.swift */ = {isa = PBXFileReference; fileEncoding = 4; lastKnownFileType = sourcecode.swift; path = PlayerSpriteNode.swift; sourceTree = "<group>"; };
		6E2CEE5A1CB52783003DD41D /* IsoViewConverter.swift */ = {isa = PBXFileReference; fileEncoding = 4; lastKnownFileType = sourcecode.swift; path = IsoViewConverter.swift; sourceTree = "<group>"; };
		6E2CEE5C1CB53885003DD41D /* EnvironmentSpriteNode.swift */ = {isa = PBXFileReference; fileEncoding = 4; lastKnownFileType = sourcecode.swift; path = EnvironmentSpriteNode.swift; sourceTree = "<group>"; };
		6E2CEE5E1CB539F7003DD41D /* Environment.swift */ = {isa = PBXFileReference; fileEncoding = 4; lastKnownFileType = sourcecode.swift; path = Environment.swift; sourceTree = "<group>"; };
		6E48F54B1C9D505A00E0ED9F /* Player.swift */ = {isa = PBXFileReference; fileEncoding = 4; lastKnownFileType = sourcecode.swift; path = Player.swift; sourceTree = "<group>"; };
		6E48F54D1C9D506C00E0ED9F /* Obstacle.swift */ = {isa = PBXFileReference; fileEncoding = 4; lastKnownFileType = sourcecode.swift; path = Obstacle.swift; sourceTree = "<group>"; };
		6E48F54F1C9D507C00E0ED9F /* ObstacleGenerator.swift */ = {isa = PBXFileReference; fileEncoding = 4; lastKnownFileType = sourcecode.swift; path = ObstacleGenerator.swift; sourceTree = "<group>"; };
		6E48F5511C9D7C3000E0ED9F /* GameObject.swift */ = {isa = PBXFileReference; fileEncoding = 4; lastKnownFileType = sourcecode.swift; path = GameObject.swift; sourceTree = "<group>"; };
		6E772DE81CA44A0C00A0B755 /* ObstacleGeneratorTests.swift */ = {isa = PBXFileReference; fileEncoding = 4; lastKnownFileType = sourcecode.swift; path = ObstacleGeneratorTests.swift; sourceTree = "<group>"; };
		6EB679411CB7A09600C52F5B /* Plumbob.atlas */ = {isa = PBXFileReference; lastKnownFileType = folder.skatlas; path = Plumbob.atlas; sourceTree = "<group>"; };
		6EF577661CA3CA93003FB063 /* Observer.swift */ = {isa = PBXFileReference; fileEncoding = 4; lastKnownFileType = sourcecode.swift; path = Observer.swift; sourceTree = "<group>"; };
		720CB0D01CB4DDFC002AE231 /* SettingsManager.swift */ = {isa = PBXFileReference; fileEncoding = 4; lastKnownFileType = sourcecode.swift; path = SettingsManager.swift; sourceTree = "<group>"; };
		720CB0D71CB4EF25002AE231 /* SettingsViewController.swift */ = {isa = PBXFileReference; fileEncoding = 4; lastKnownFileType = sourcecode.swift; path = SettingsViewController.swift; sourceTree = "<group>"; };
		7266DF011CA566A9002216C9 /* GameViewController.swift */ = {isa = PBXFileReference; fileEncoding = 4; lastKnownFileType = sourcecode.swift; path = GameViewController.swift; sourceTree = "<group>"; };
		7279DFBA1C9E92A400FA4198 /* GameEvent.swift */ = {isa = PBXFileReference; fileEncoding = 4; lastKnownFileType = sourcecode.swift; path = GameEvent.swift; sourceTree = "<group>"; };
		728082031CB8CC0E00795C53 /* MyPlayer.swift */ = {isa = PBXFileReference; fileEncoding = 4; lastKnownFileType = sourcecode.swift; path = MyPlayer.swift; sourceTree = "<group>"; };
		7A168DD71CA534B900E9CCBB /* RoomSelectionViewController.swift */ = {isa = PBXFileReference; fileEncoding = 4; lastKnownFileType = sourcecode.swift; path = RoomSelectionViewController.swift; sourceTree = "<group>"; };
		7A168DD91CA53EE500E9CCBB /* RoomViewController.swift */ = {isa = PBXFileReference; fileEncoding = 4; lastKnownFileType = sourcecode.swift; path = RoomViewController.swift; sourceTree = "<group>"; };
		7A4812051CB2C7B10063CC8B /* SinglePlayerStartViewController.swift */ = {isa = PBXFileReference; fileEncoding = 4; lastKnownFileType = sourcecode.swift; path = SinglePlayerStartViewController.swift; sourceTree = "<group>"; };
		7A4812071CB2C9D30063CC8B /* PreviousRunTableViewCell.swift */ = {isa = PBXFileReference; fileEncoding = 4; lastKnownFileType = sourcecode.swift; path = PreviousRunTableViewCell.swift; sourceTree = "<group>"; };
		7A8839311C9E7BA1007434E8 /* GameState.swift */ = {isa = PBXFileReference; fileEncoding = 4; lastKnownFileType = sourcecode.swift; path = GameState.swift; sourceTree = "<group>"; };
		7A8839331C9E7BBD007434E8 /* LogicEngine.swift */ = {isa = PBXFileReference; fileEncoding = 4; lastKnownFileType = sourcecode.swift; path = LogicEngine.swift; sourceTree = "<group>"; };
		7A8C65BE1CB2839200EF6117 /* PlayerEvent.swift */ = {isa = PBXFileReference; fileEncoding = 4; lastKnownFileType = sourcecode.swift; path = PlayerEvent.swift; sourceTree = "<group>"; };
		7A8C65C01CB28BB100EF6117 /* GhostStore.swift */ = {isa = PBXFileReference; fileEncoding = 4; lastKnownFileType = sourcecode.swift; path = GhostStore.swift; sourceTree = "<group>"; };
		7A9B96FA1CBA84920079DDA4 /* ShareViewController.swift */ = {isa = PBXFileReference; fileEncoding = 4; lastKnownFileType = sourcecode.swift; path = ShareViewController.swift; sourceTree = "<group>"; };
		7A9B96FC1CBA98910079DDA4 /* ScanViewController.swift */ = {isa = PBXFileReference; fileEncoding = 4; lastKnownFileType = sourcecode.swift; path = ScanViewController.swift; sourceTree = "<group>"; };
		7AAEBBF81CAFC6E5008F7A1B /* PauseButtonNode.swift */ = {isa = PBXFileReference; fileEncoding = 4; lastKnownFileType = sourcecode.swift; path = PauseButtonNode.swift; sourceTree = "<group>"; };
		7AAEBBFA1CAFCA97008F7A1B /* PauseMenuNode.swift */ = {isa = PBXFileReference; fileEncoding = 4; lastKnownFileType = sourcecode.swift; path = PauseMenuNode.swift; sourceTree = "<group>"; };
		7AF09BF91CB14C14001B0A5B /* CountdownNode.swift */ = {isa = PBXFileReference; fileEncoding = 4; lastKnownFileType = sourcecode.swift; path = CountdownNode.swift; sourceTree = "<group>"; };
		9BB0AA586B363113C0E5AEE0 /* Pods_Courir.framework */ = {isa = PBXFileReference; explicitFileType = wrapper.framework; includeInIndex = 0; path = Pods_Courir.framework; sourceTree = BUILT_PRODUCTS_DIR; };
		9CD945865012F28217E8BAC8 /* Pods-Courir.release.xcconfig */ = {isa = PBXFileReference; includeInIndex = 1; lastKnownFileType = text.xcconfig; name = "Pods-Courir.release.xcconfig"; path = "Pods/Target Support Files/Pods-Courir/Pods-Courir.release.xcconfig"; sourceTree = "<group>"; };
/* End PBXFileReference section */

/* Begin PBXFrameworksBuildPhase section */
		6524A7061C9C7EB800D8CC48 /* Frameworks */ = {
			isa = PBXFrameworksBuildPhase;
			buildActionMask = 2147483647;
			files = (
				6BD94A50D521179C4B947F38 /* Pods_Courir.framework in Frameworks */,
			);
			runOnlyForDeploymentPostprocessing = 0;
		};
		6524A71E1C9C7EB800D8CC48 /* Frameworks */ = {
			isa = PBXFrameworksBuildPhase;
			buildActionMask = 2147483647;
			files = (
			);
			runOnlyForDeploymentPostprocessing = 0;
		};
/* End PBXFrameworksBuildPhase section */

/* Begin PBXGroup section */
		6524A7001C9C7EB700D8CC48 = {
			isa = PBXGroup;
			children = (
				6524A70B1C9C7EB800D8CC48 /* Courir */,
				6524A7241C9C7EB800D8CC48 /* CourirTests */,
				6524A70A1C9C7EB800D8CC48 /* Products */,
				8DE78664409EC854A3A7063D /* Pods */,
				EF8ED557EDBF4000D576194D /* Frameworks */,
			);
			sourceTree = "<group>";
		};
		6524A70A1C9C7EB800D8CC48 /* Products */ = {
			isa = PBXGroup;
			children = (
				6524A7091C9C7EB800D8CC48 /* Courir.app */,
				6524A7211C9C7EB800D8CC48 /* CourirTests.xctest */,
			);
			name = Products;
			sourceTree = "<group>";
		};
		6524A70B1C9C7EB800D8CC48 /* Courir */ = {
			isa = PBXGroup;
			children = (
				720CB0CF1CB4DDE8002AE231 /* Helpers */,
				7A6233021CA44177007FEF08 /* Logic */,
				7A6233011CA44122007FEF08 /* Model */,
				7A6233001CA440FE007FEF08 /* View */,
				6524A70C1C9C7EB800D8CC48 /* AppDelegate.swift */,
				6524A7321C9C7F4B00D8CC48 /* Constants.swift */,
				02814D8B1CA0F7B7006D9029 /* GameNetworkPortal.swift */,
				6EF577661CA3CA93003FB063 /* Observer.swift */,
				6524A7141C9C7EB800D8CC48 /* Main.storyboard */,
				6524A7171C9C7EB800D8CC48 /* Assets.xcassets */,
				6E2B0F351CB7C2AF001E957D /* Digits.atlas */,
				6E2CEE4C1CB4D2E1003DD41D /* PlayerDucking.atlas */,
				6E2CEE4D1CB4D2E1003DD41D /* PlayerJumping.atlas */,
				6E2CEE4E1CB4D2E1003DD41D /* PlayerRunning.atlas */,
				6E2CEE4F1CB4D2E1003DD41D /* PlayerStationary.atlas */,
				6EB679411CB7A09600C52F5B /* Plumbob.atlas */,
				6524A7191C9C7EB800D8CC48 /* LaunchScreen.storyboard */,
				6524A71C1C9C7EB800D8CC48 /* Info.plist */,
			);
			path = Courir;
			sourceTree = "<group>";
		};
		6524A7241C9C7EB800D8CC48 /* CourirTests */ = {
			isa = PBXGroup;
			children = (
				6524A7251C9C7EB800D8CC48 /* CourirTests.swift */,
				6E772DE81CA44A0C00A0B755 /* ObstacleGeneratorTests.swift */,
				6524A7271C9C7EB800D8CC48 /* Info.plist */,
			);
			path = CourirTests;
			sourceTree = "<group>";
		};
		720CB0CF1CB4DDE8002AE231 /* Helpers */ = {
			isa = PBXGroup;
			children = (
				720CB0D01CB4DDFC002AE231 /* SettingsManager.swift */,
			);
			name = Helpers;
			sourceTree = "<group>";
		};
		720CB0D41CB4E514002AE231 /* Nodes */ = {
			isa = PBXGroup;
			children = (
			);
			name = Nodes;
			sourceTree = "<group>";
		};
		7A6233001CA440FE007FEF08 /* View */ = {
			isa = PBXGroup;
			children = (
				720CB0D41CB4E514002AE231 /* Nodes */,
				6524A7121C9C7EB800D8CC48 /* MenuViewController.swift */,
				6524A7101C9C7EB800D8CC48 /* GameScene.swift */,
				6E2CEE4A1CB0FF8D003DD41D /* GameScene+Observer.swift */,
				7266DF011CA566A9002216C9 /* GameViewController.swift */,
				024D82431CAC37E400D9CB53 /* GameEndTableCell.swift */,
				024D82411CAC256500D9CB53 /* GameEndView.swift */,
				7A168DD71CA534B900E9CCBB /* RoomSelectionViewController.swift */,
				7A168DD91CA53EE500E9CCBB /* RoomViewController.swift */,
				720CB0D71CB4EF25002AE231 /* SettingsViewController.swift */,
				7AAEBBF81CAFC6E5008F7A1B /* PauseButtonNode.swift */,
				7AAEBBFA1CAFCA97008F7A1B /* PauseMenuNode.swift */,
				7AF09BF91CB14C14001B0A5B /* CountdownNode.swift */,
				7A4812051CB2C7B10063CC8B /* SinglePlayerStartViewController.swift */,
				7A4812071CB2C9D30063CC8B /* PreviousRunTableViewCell.swift */,
				6E2CEE561CB503FD003DD41D /* ObstacleSpriteNode.swift */,
				6E2CEE581CB52585003DD41D /* PlayerSpriteNode.swift */,
				6E2CEE5A1CB52783003DD41D /* IsoViewConverter.swift */,
				6E2CEE5C1CB53885003DD41D /* EnvironmentSpriteNode.swift */,
				6E2B0F371CB7C466001E957D /* ScoreSpriteNode.swift */,
				7A9B96FA1CBA84920079DDA4 /* ShareViewController.swift */,
				7A9B96FC1CBA98910079DDA4 /* ScanViewController.swift */,
			);
			name = View;
			sourceTree = "<group>";
		};
		7A6233011CA44122007FEF08 /* Model */ = {
			isa = PBXGroup;
			children = (
				6E48F5511C9D7C3000E0ED9F /* GameObject.swift */,
				7A8839311C9E7BA1007434E8 /* GameState.swift */,
				6E48F54D1C9D506C00E0ED9F /* Obstacle.swift */,
				6E48F54B1C9D505A00E0ED9F /* Player.swift */,
				7A8C65BE1CB2839200EF6117 /* PlayerEvent.swift */,
				7A8C65C01CB28BB100EF6117 /* GhostStore.swift */,
				6E2CEE5E1CB539F7003DD41D /* Environment.swift */,
				728082031CB8CC0E00795C53 /* MyPlayer.swift */,
			);
			name = Model;
			sourceTree = "<group>";
		};
		7A6233021CA44177007FEF08 /* Logic */ = {
			isa = PBXGroup;
			children = (
				7279DFBA1C9E92A400FA4198 /* GameEvent.swift */,
				7A8839331C9E7BBD007434E8 /* LogicEngine.swift */,
				6E48F54F1C9D507C00E0ED9F /* ObstacleGenerator.swift */,
			);
			name = Logic;
			sourceTree = "<group>";
		};
		8DE78664409EC854A3A7063D /* Pods */ = {
			isa = PBXGroup;
			children = (
				50560D4BBD2434451FA668F1 /* Pods-Courir.debug.xcconfig */,
				9CD945865012F28217E8BAC8 /* Pods-Courir.release.xcconfig */,
			);
			name = Pods;
			sourceTree = "<group>";
		};
		EF8ED557EDBF4000D576194D /* Frameworks */ = {
			isa = PBXGroup;
			children = (
				9BB0AA586B363113C0E5AEE0 /* Pods_Courir.framework */,
			);
			name = Frameworks;
			sourceTree = "<group>";
		};
/* End PBXGroup section */

/* Begin PBXNativeTarget section */
		6524A7081C9C7EB800D8CC48 /* Courir */ = {
			isa = PBXNativeTarget;
			buildConfigurationList = 6524A72A1C9C7EB800D8CC48 /* Build configuration list for PBXNativeTarget "Courir" */;
			buildPhases = (
				1007B370D80E8466C1920E79 /* Check Pods Manifest.lock */,
				6524A7051C9C7EB800D8CC48 /* Sources */,
				6524A7061C9C7EB800D8CC48 /* Frameworks */,
				6524A7071C9C7EB800D8CC48 /* Resources */,
				6D198B72AADBFA7BA0EE39D7 /* Embed Pods Frameworks */,
				73280A2586A104C8445C6DC8 /* Copy Pods Resources */,
			);
			buildRules = (
			);
			dependencies = (
			);
			name = Courir;
			productName = Courir;
			productReference = 6524A7091C9C7EB800D8CC48 /* Courir.app */;
			productType = "com.apple.product-type.application";
		};
		6524A7201C9C7EB800D8CC48 /* CourirTests */ = {
			isa = PBXNativeTarget;
			buildConfigurationList = 6524A72D1C9C7EB800D8CC48 /* Build configuration list for PBXNativeTarget "CourirTests" */;
			buildPhases = (
				6524A71D1C9C7EB800D8CC48 /* Sources */,
				6524A71E1C9C7EB800D8CC48 /* Frameworks */,
				6524A71F1C9C7EB800D8CC48 /* Resources */,
			);
			buildRules = (
			);
			dependencies = (
				6524A7231C9C7EB800D8CC48 /* PBXTargetDependency */,
			);
			name = CourirTests;
			productName = CourirTests;
			productReference = 6524A7211C9C7EB800D8CC48 /* CourirTests.xctest */;
			productType = "com.apple.product-type.bundle.unit-test";
		};
/* End PBXNativeTarget section */

/* Begin PBXProject section */
		6524A7011C9C7EB700D8CC48 /* Project object */ = {
			isa = PBXProject;
			attributes = {
				LastSwiftUpdateCheck = 0720;
				LastUpgradeCheck = 0720;
				ORGANIZATIONNAME = "NUS CS3217";
				TargetAttributes = {
					6524A7081C9C7EB800D8CC48 = {
						CreatedOnToolsVersion = 7.2.1;
						DevelopmentTeam = 94W7JMMWL2;
					};
					6524A7201C9C7EB800D8CC48 = {
						CreatedOnToolsVersion = 7.2.1;
						DevelopmentTeam = 94W7JMMWL2;
						TestTargetID = 6524A7081C9C7EB800D8CC48;
					};
				};
			};
			buildConfigurationList = 6524A7041C9C7EB700D8CC48 /* Build configuration list for PBXProject "Courir" */;
			compatibilityVersion = "Xcode 3.2";
			developmentRegion = English;
			hasScannedForEncodings = 0;
			knownRegions = (
				en,
				Base,
			);
			mainGroup = 6524A7001C9C7EB700D8CC48;
			productRefGroup = 6524A70A1C9C7EB800D8CC48 /* Products */;
			projectDirPath = "";
			projectRoot = "";
			targets = (
				6524A7081C9C7EB800D8CC48 /* Courir */,
				6524A7201C9C7EB800D8CC48 /* CourirTests */,
			);
		};
/* End PBXProject section */

/* Begin PBXResourcesBuildPhase section */
		6524A7071C9C7EB800D8CC48 /* Resources */ = {
			isa = PBXResourcesBuildPhase;
			buildActionMask = 2147483647;
			files = (
				6E2CEE501CB4D2E1003DD41D /* PlayerDucking.atlas in Resources */,
				6EB679421CB7A09600C52F5B /* Plumbob.atlas in Resources */,
				6524A71B1C9C7EB800D8CC48 /* LaunchScreen.storyboard in Resources */,
				6E2B0F361CB7C2AF001E957D /* Digits.atlas in Resources */,
				6E2CEE531CB4D2E1003DD41D /* PlayerStationary.atlas in Resources */,
				6E2CEE521CB4D2E1003DD41D /* PlayerRunning.atlas in Resources */,
				6524A7181C9C7EB800D8CC48 /* Assets.xcassets in Resources */,
				6E2CEE511CB4D2E1003DD41D /* PlayerJumping.atlas in Resources */,
				6524A7161C9C7EB800D8CC48 /* Main.storyboard in Resources */,
			);
			runOnlyForDeploymentPostprocessing = 0;
		};
		6524A71F1C9C7EB800D8CC48 /* Resources */ = {
			isa = PBXResourcesBuildPhase;
			buildActionMask = 2147483647;
			files = (
			);
			runOnlyForDeploymentPostprocessing = 0;
		};
/* End PBXResourcesBuildPhase section */

/* Begin PBXShellScriptBuildPhase section */
		1007B370D80E8466C1920E79 /* Check Pods Manifest.lock */ = {
			isa = PBXShellScriptBuildPhase;
			buildActionMask = 2147483647;
			files = (
			);
			inputPaths = (
			);
			name = "Check Pods Manifest.lock";
			outputPaths = (
			);
			runOnlyForDeploymentPostprocessing = 0;
			shellPath = /bin/sh;
			shellScript = "diff \"${PODS_ROOT}/../Podfile.lock\" \"${PODS_ROOT}/Manifest.lock\" > /dev/null\nif [[ $? != 0 ]] ; then\n    cat << EOM\nerror: The sandbox is not in sync with the Podfile.lock. Run 'pod install' or update your CocoaPods installation.\nEOM\n    exit 1\nfi\n";
			showEnvVarsInLog = 0;
		};
		6D198B72AADBFA7BA0EE39D7 /* Embed Pods Frameworks */ = {
			isa = PBXShellScriptBuildPhase;
			buildActionMask = 2147483647;
			files = (
			);
			inputPaths = (
			);
			name = "Embed Pods Frameworks";
			outputPaths = (
			);
			runOnlyForDeploymentPostprocessing = 0;
			shellPath = /bin/sh;
			shellScript = "\"${SRCROOT}/Pods/Target Support Files/Pods-Courir/Pods-Courir-frameworks.sh\"\n";
			showEnvVarsInLog = 0;
		};
		73280A2586A104C8445C6DC8 /* Copy Pods Resources */ = {
			isa = PBXShellScriptBuildPhase;
			buildActionMask = 2147483647;
			files = (
			);
			inputPaths = (
			);
			name = "Copy Pods Resources";
			outputPaths = (
			);
			runOnlyForDeploymentPostprocessing = 0;
			shellPath = /bin/sh;
			shellScript = "\"${SRCROOT}/Pods/Target Support Files/Pods-Courir/Pods-Courir-resources.sh\"\n";
			showEnvVarsInLog = 0;
		};
/* End PBXShellScriptBuildPhase section */

/* Begin PBXSourcesBuildPhase section */
		6524A7051C9C7EB800D8CC48 /* Sources */ = {
			isa = PBXSourcesBuildPhase;
			buildActionMask = 2147483647;
			files = (
				6EF577671CA3CA93003FB063 /* Observer.swift in Sources */,
				7A8C65BF1CB2839200EF6117 /* PlayerEvent.swift in Sources */,
				6E48F54E1C9D506C00E0ED9F /* Obstacle.swift in Sources */,
				7A4812061CB2C7B10063CC8B /* SinglePlayerStartViewController.swift in Sources */,
				7A4812081CB2C9D30063CC8B /* PreviousRunTableViewCell.swift in Sources */,
				6524A7331C9C7F4B00D8CC48 /* Constants.swift in Sources */,
				7A9B96FB1CBA84920079DDA4 /* ShareViewController.swift in Sources */,
				6E48F5521C9D7C3000E0ED9F /* GameObject.swift in Sources */,
				7A9B96FD1CBA98910079DDA4 /* ScanViewController.swift in Sources */,
				7266DF021CA566A9002216C9 /* GameViewController.swift in Sources */,
				6E2CEE571CB503FD003DD41D /* ObstacleSpriteNode.swift in Sources */,
				6E2B0F381CB7C466001E957D /* ScoreSpriteNode.swift in Sources */,
				6E2CEE5D1CB53885003DD41D /* EnvironmentSpriteNode.swift in Sources */,
				024D82421CAC256500D9CB53 /* GameEndView.swift in Sources */,
				6524A7111C9C7EB800D8CC48 /* GameScene.swift in Sources */,
				02814D8C1CA0F7B7006D9029 /* GameNetworkPortal.swift in Sources */,
				7AF09BFA1CB14C14001B0A5B /* CountdownNode.swift in Sources */,
				6E2CEE5B1CB52783003DD41D /* IsoViewConverter.swift in Sources */,
				6E2CEE591CB52585003DD41D /* PlayerSpriteNode.swift in Sources */,
				7279DFBB1C9E92A400FA4198 /* GameEvent.swift in Sources */,
				6524A7131C9C7EB800D8CC48 /* MenuViewController.swift in Sources */,
				7A168DD81CA534B900E9CCBB /* RoomSelectionViewController.swift in Sources */,
				7A8C65C11CB28BB100EF6117 /* GhostStore.swift in Sources */,
				6E48F54C1C9D505A00E0ED9F /* Player.swift in Sources */,
				720CB0D11CB4DDFC002AE231 /* SettingsManager.swift in Sources */,
				024D82441CAC37E400D9CB53 /* GameEndTableCell.swift in Sources */,
				7A8839321C9E7BA1007434E8 /* GameState.swift in Sources */,
				7A168DDA1CA53EE500E9CCBB /* RoomViewController.swift in Sources */,
				728082041CB8CC0E00795C53 /* MyPlayer.swift in Sources */,
				7AAEBBFB1CAFCA97008F7A1B /* PauseMenuNode.swift in Sources */,
				7AAEBBF91CAFC6E5008F7A1B /* PauseButtonNode.swift in Sources */,
				720CB0D81CB4EF25002AE231 /* SettingsViewController.swift in Sources */,
				6E48F5501C9D507C00E0ED9F /* ObstacleGenerator.swift in Sources */,
				6524A70D1C9C7EB800D8CC48 /* AppDelegate.swift in Sources */,
				6E2CEE4B1CB0FF8D003DD41D /* GameScene+Observer.swift in Sources */,
				7A8839341C9E7BBD007434E8 /* LogicEngine.swift in Sources */,
				6E2CEE5F1CB539F7003DD41D /* Environment.swift in Sources */,
			);
			runOnlyForDeploymentPostprocessing = 0;
		};
		6524A71D1C9C7EB800D8CC48 /* Sources */ = {
			isa = PBXSourcesBuildPhase;
			buildActionMask = 2147483647;
			files = (
				6E772DE91CA44A0C00A0B755 /* ObstacleGeneratorTests.swift in Sources */,
				6524A7261C9C7EB800D8CC48 /* CourirTests.swift in Sources */,
			);
			runOnlyForDeploymentPostprocessing = 0;
		};
/* End PBXSourcesBuildPhase section */

/* Begin PBXTargetDependency section */
		6524A7231C9C7EB800D8CC48 /* PBXTargetDependency */ = {
			isa = PBXTargetDependency;
			target = 6524A7081C9C7EB800D8CC48 /* Courir */;
			targetProxy = 6524A7221C9C7EB800D8CC48 /* PBXContainerItemProxy */;
		};
/* End PBXTargetDependency section */

/* Begin PBXVariantGroup section */
		6524A7141C9C7EB800D8CC48 /* Main.storyboard */ = {
			isa = PBXVariantGroup;
			children = (
				6524A7151C9C7EB800D8CC48 /* Base */,
			);
			name = Main.storyboard;
			sourceTree = "<group>";
		};
		6524A7191C9C7EB800D8CC48 /* LaunchScreen.storyboard */ = {
			isa = PBXVariantGroup;
			children = (
				6524A71A1C9C7EB800D8CC48 /* Base */,
			);
			name = LaunchScreen.storyboard;
			sourceTree = "<group>";
		};
/* End PBXVariantGroup section */

/* Begin XCBuildConfiguration section */
		6524A7281C9C7EB800D8CC48 /* Debug */ = {
			isa = XCBuildConfiguration;
			buildSettings = {
				ALWAYS_SEARCH_USER_PATHS = NO;
				CLANG_CXX_LANGUAGE_STANDARD = "gnu++0x";
				CLANG_CXX_LIBRARY = "libc++";
				CLANG_ENABLE_MODULES = YES;
				CLANG_ENABLE_OBJC_ARC = YES;
				CLANG_WARN_BOOL_CONVERSION = YES;
				CLANG_WARN_CONSTANT_CONVERSION = YES;
				CLANG_WARN_DIRECT_OBJC_ISA_USAGE = YES_ERROR;
				CLANG_WARN_EMPTY_BODY = YES;
				CLANG_WARN_ENUM_CONVERSION = YES;
				CLANG_WARN_INT_CONVERSION = YES;
				CLANG_WARN_OBJC_ROOT_CLASS = YES_ERROR;
				CLANG_WARN_UNREACHABLE_CODE = YES;
				CLANG_WARN__DUPLICATE_METHOD_MATCH = YES;
				"CODE_SIGN_IDENTITY[sdk=iphoneos*]" = "iPhone Developer";
				COPY_PHASE_STRIP = NO;
				DEBUG_INFORMATION_FORMAT = "dwarf-with-dsym";
				ENABLE_STRICT_OBJC_MSGSEND = YES;
				ENABLE_TESTABILITY = YES;
				GCC_C_LANGUAGE_STANDARD = gnu99;
				GCC_DYNAMIC_NO_PIC = NO;
				GCC_NO_COMMON_BLOCKS = YES;
				GCC_OPTIMIZATION_LEVEL = 0;
				GCC_PREPROCESSOR_DEFINITIONS = (
					"DEBUG=1",
					"$(inherited)",
				);
				GCC_WARN_64_TO_32_BIT_CONVERSION = YES;
				GCC_WARN_ABOUT_RETURN_TYPE = YES_ERROR;
				GCC_WARN_UNDECLARED_SELECTOR = YES;
				GCC_WARN_UNINITIALIZED_AUTOS = YES_AGGRESSIVE;
				GCC_WARN_UNUSED_FUNCTION = YES;
				GCC_WARN_UNUSED_VARIABLE = YES;
				IPHONEOS_DEPLOYMENT_TARGET = 9.2;
				MTL_ENABLE_DEBUG_INFO = YES;
				ONLY_ACTIVE_ARCH = YES;
				SDKROOT = iphoneos;
				SWIFT_OPTIMIZATION_LEVEL = "-Onone";
				TARGETED_DEVICE_FAMILY = 2;
			};
			name = Debug;
		};
		6524A7291C9C7EB800D8CC48 /* Release */ = {
			isa = XCBuildConfiguration;
			buildSettings = {
				ALWAYS_SEARCH_USER_PATHS = NO;
				CLANG_CXX_LANGUAGE_STANDARD = "gnu++0x";
				CLANG_CXX_LIBRARY = "libc++";
				CLANG_ENABLE_MODULES = YES;
				CLANG_ENABLE_OBJC_ARC = YES;
				CLANG_WARN_BOOL_CONVERSION = YES;
				CLANG_WARN_CONSTANT_CONVERSION = YES;
				CLANG_WARN_DIRECT_OBJC_ISA_USAGE = YES_ERROR;
				CLANG_WARN_EMPTY_BODY = YES;
				CLANG_WARN_ENUM_CONVERSION = YES;
				CLANG_WARN_INT_CONVERSION = YES;
				CLANG_WARN_OBJC_ROOT_CLASS = YES_ERROR;
				CLANG_WARN_UNREACHABLE_CODE = YES;
				CLANG_WARN__DUPLICATE_METHOD_MATCH = YES;
				"CODE_SIGN_IDENTITY[sdk=iphoneos*]" = "iPhone Developer";
				COPY_PHASE_STRIP = NO;
				DEBUG_INFORMATION_FORMAT = "dwarf-with-dsym";
				ENABLE_NS_ASSERTIONS = NO;
				ENABLE_STRICT_OBJC_MSGSEND = YES;
				GCC_C_LANGUAGE_STANDARD = gnu99;
				GCC_NO_COMMON_BLOCKS = YES;
				GCC_WARN_64_TO_32_BIT_CONVERSION = YES;
				GCC_WARN_ABOUT_RETURN_TYPE = YES_ERROR;
				GCC_WARN_UNDECLARED_SELECTOR = YES;
				GCC_WARN_UNINITIALIZED_AUTOS = YES_AGGRESSIVE;
				GCC_WARN_UNUSED_FUNCTION = YES;
				GCC_WARN_UNUSED_VARIABLE = YES;
				IPHONEOS_DEPLOYMENT_TARGET = 9.2;
				MTL_ENABLE_DEBUG_INFO = NO;
				SDKROOT = iphoneos;
				TARGETED_DEVICE_FAMILY = 2;
				VALIDATE_PRODUCT = YES;
			};
			name = Release;
		};
		6524A72B1C9C7EB800D8CC48 /* Debug */ = {
			isa = XCBuildConfiguration;
			baseConfigurationReference = 50560D4BBD2434451FA668F1 /* Pods-Courir.debug.xcconfig */;
			buildSettings = {
				ASSETCATALOG_COMPILER_APPICON_NAME = AppIcon;
				CODE_SIGN_IDENTITY = "iPhone Developer";
				"CODE_SIGN_IDENTITY[sdk=iphoneos*]" = "iPhone Developer";
				INFOPLIST_FILE = Courir/Info.plist;
				LD_RUNPATH_SEARCH_PATHS = "$(inherited) @executable_path/Frameworks";
				PRODUCT_BUNDLE_IDENTIFIER = nus.cs3217.groupfive.Courir;
				PRODUCT_NAME = "$(TARGET_NAME)";
				PROVISIONING_PROFILE = "";
			};
			name = Debug;
		};
		6524A72C1C9C7EB800D8CC48 /* Release */ = {
			isa = XCBuildConfiguration;
			baseConfigurationReference = 9CD945865012F28217E8BAC8 /* Pods-Courir.release.xcconfig */;
			buildSettings = {
				ASSETCATALOG_COMPILER_APPICON_NAME = AppIcon;
				CODE_SIGN_IDENTITY = "iPhone Developer";
				"CODE_SIGN_IDENTITY[sdk=iphoneos*]" = "iPhone Developer";
				INFOPLIST_FILE = Courir/Info.plist;
				LD_RUNPATH_SEARCH_PATHS = "$(inherited) @executable_path/Frameworks";
				PRODUCT_BUNDLE_IDENTIFIER = nus.cs3217.groupfive.Courir;
				PRODUCT_NAME = "$(TARGET_NAME)";
				PROVISIONING_PROFILE = "";
			};
			name = Release;
		};
		6524A72E1C9C7EB800D8CC48 /* Debug */ = {
			isa = XCBuildConfiguration;
			buildSettings = {
				BUNDLE_LOADER = "$(TEST_HOST)";
				DEBUG_INFORMATION_FORMAT = dwarf;
				INFOPLIST_FILE = CourirTests/Info.plist;
				LD_RUNPATH_SEARCH_PATHS = "$(inherited) @executable_path/Frameworks @loader_path/Frameworks";
				PRODUCT_BUNDLE_IDENTIFIER = nus.cs3217.group5.CourirTests;
				PRODUCT_NAME = "$(TARGET_NAME)";
				TEST_HOST = "$(BUILT_PRODUCTS_DIR)/Courir.app/Courir";
			};
			name = Debug;
		};
		6524A72F1C9C7EB800D8CC48 /* Release */ = {
			isa = XCBuildConfiguration;
			buildSettings = {
				BUNDLE_LOADER = "$(TEST_HOST)";
				INFOPLIST_FILE = CourirTests/Info.plist;
				LD_RUNPATH_SEARCH_PATHS = "$(inherited) @executable_path/Frameworks @loader_path/Frameworks";
				PRODUCT_BUNDLE_IDENTIFIER = nus.cs3217.group5.CourirTests;
				PRODUCT_NAME = "$(TARGET_NAME)";
				TEST_HOST = "$(BUILT_PRODUCTS_DIR)/Courir.app/Courir";
			};
			name = Release;
		};
/* End XCBuildConfiguration section */

/* Begin XCConfigurationList section */
		6524A7041C9C7EB700D8CC48 /* Build configuration list for PBXProject "Courir" */ = {
			isa = XCConfigurationList;
			buildConfigurations = (
				6524A7281C9C7EB800D8CC48 /* Debug */,
				6524A7291C9C7EB800D8CC48 /* Release */,
			);
			defaultConfigurationIsVisible = 0;
			defaultConfigurationName = Release;
		};
		6524A72A1C9C7EB800D8CC48 /* Build configuration list for PBXNativeTarget "Courir" */ = {
			isa = XCConfigurationList;
			buildConfigurations = (
				6524A72B1C9C7EB800D8CC48 /* Debug */,
				6524A72C1C9C7EB800D8CC48 /* Release */,
			);
			defaultConfigurationIsVisible = 0;
			defaultConfigurationName = Release;
		};
		6524A72D1C9C7EB800D8CC48 /* Build configuration list for PBXNativeTarget "CourirTests" */ = {
			isa = XCConfigurationList;
			buildConfigurations = (
				6524A72E1C9C7EB800D8CC48 /* Debug */,
				6524A72F1C9C7EB800D8CC48 /* Release */,
			);
			defaultConfigurationIsVisible = 0;
			defaultConfigurationName = Release;
		};
/* End XCConfigurationList section */
	};
	rootObject = 6524A7011C9C7EB700D8CC48 /* Project object */;
}
